lockfileVersion: '9.0'

settings:
  autoInstallPeers: true
  excludeLinksFromLockfile: false

importers:

  .:
    dependencies:
      '@electric-sql/pglite':
        specifier: 0.5.5
        version: 0.5.5

packages:

  '@electric-sql/pglite@0.5.5':
    resolution: {integrity: sha512-QeZ+oB7QaU4EJj2awrB8hwFZ5TXxLRBQ9Gfq0dQauYDdWsRtuWRCERgtri35vRfL07KQHlVlc/4Qxvn7a5AXeA==}

snapshots:

  '@electric-sql/pglite@0.5.5': {}
